<Solution>
  <Project Path="Chat.API/Chat.API.csproj" />
  <Project Path="Chat.Application/Chat.Application.csproj" />
  <Project Path="Chat.Domain/Chat.Domain.csproj" />
  <Project Path="Chat.Infrastructure/Chat.Infrastructure.csproj" />
  <Project Path="Chat.Persistence/Chat.Persistence.csproj" />
</Solution>
